
Microsoft Visual Studio Solution File, Format Version 12.00
# Visual Studio Version 17
VisualStudioVersion = 17.3.32611.2
MinimumVisualStudioVersion = 10.0.40219.1
Project("{FAE04EC0-301F-11D3-BF4B-00C04F79EFBC}") = "AdventOfCode", "AdventOfCode\AdventOfCode.csproj", "{1F526B96-D366-45F5-8E54-0C7B8FCAC2A7}"
EndProject
Global
	GlobalSection(SolutionConfigurationPlatforms) = preSolution
		Debug|Any CPU = Debug|Any CPU
		Release|Any CPU = Release|Any CPU
	EndGlobalSection
	GlobalSection(ProjectConfigurationPlatforms) = postSolution
		{1F526B96-D366-45F5-8E54-0C7B8FCAC2A7}.Debug|Any CPU.ActiveCfg = Debug|Any CPU
		{1F526B96-D366-45F5-8E54-0C7B8FCAC2A7}.Debug|Any CPU.Build.0 = Debug|Any CPU
		{1F526B96-D366-45F5-8E54-0C7B8FCAC2A7}.Release|Any CPU.ActiveCfg = Release|Any CPU
		{1F526B96-D366-45F5-8E54-0C7B8FCAC2A7}.Release|Any CPU.Build.0 = Release|Any CPU
	EndGlobalSection
	GlobalSection(SolutionProperties) = preSolution
		HideSolutionNode = FALSE
	EndGlobalSection
	GlobalSection(ExtensibilityGlobals) = postSolution
		SolutionGuid = {14A05683-1DCE-48C3-A31E-3A43D9763FFD}
	EndGlobalSection
EndGlobal
